// !$*UTF8*$!
{
	archiveVersion = 1;
	classes = {
	};
	objectVersion = 56;
	objects = {

/* Begin PBXBuildFile section */
		359371B12AF4EE4000124E5D /* AppDelegate.swift in Sources */ = {isa = PBXBuildFile; fileRef = 359371B02AF4EE4000124E5D /* AppDelegate.swift */; };
		359371B32AF4EE4000124E5D /* SceneDelegate.swift in Sources */ = {isa = PBXBuildFile; fileRef = 359371B22AF4EE4000124E5D /* SceneDelegate.swift */; };
		359371B52AF4EE4000124E5D /* ViewController.swift in Sources */ = {isa = PBXBuildFile; fileRef = 359371B42AF4EE4000124E5D /* ViewController.swift */; };
		359371B82AF4EE4000124E5D /* Main.storyboard in Resources */ = {isa = PBXBuildFile; fileRef = 359371B62AF4EE4000124E5D /* Main.storyboard */; };
		359371BA2AF4EE4100124E5D /* Assets.xcassets in Resources */ = {isa = PBXBuildFile; fileRef = 359371B92AF4EE4100124E5D /* Assets.xcassets */; };
		359371BD2AF4EE4100124E5D /* LaunchScreen.storyboard in Resources */ = {isa = PBXBuildFile; fileRef = 359371BB2AF4EE4100124E5D /* LaunchScreen.storyboard */; };
		359371C82AF4EE4100124E5D /* MILLIONZ_cloneCodingTests.swift in Sources */ = {isa = PBXBuildFile; fileRef = 359371C72AF4EE4100124E5D /* MILLIONZ_cloneCodingTests.swift */; };
		359371D22AF4EE4100124E5D /* MILLIONZ_cloneCodingUITests.swift in Sources */ = {isa = PBXBuildFile; fileRef = 359371D12AF4EE4100124E5D /* MILLIONZ_cloneCodingUITests.swift */; };
		359371D42AF4EE4100124E5D /* MILLIONZ_cloneCodingUITestsLaunchTests.swift in Sources */ = {isa = PBXBuildFile; fileRef = 359371D32AF4EE4100124E5D /* MILLIONZ_cloneCodingUITestsLaunchTests.swift */; };
/* End PBXBuildFile section */

/* Begin PBXContainerItemProxy section */
		359371C42AF4EE4100124E5D /* PBXContainerItemProxy */ = {
			isa = PBXContainerItemProxy;
			containerPortal = 359371A52AF4EE4000124E5D /* Project object */;
			proxyType = 1;
			remoteGlobalIDString = 359371AC2AF4EE4000124E5D;
			remoteInfo = MILLIONZ_cloneCoding;
		};
		359371CE2AF4EE4100124E5D /* PBXContainerItemProxy */ = {
			isa = PBXContainerItemProxy;
			containerPortal = 359371A52AF4EE4000124E5D /* Project object */;
			proxyType = 1;
			remoteGlobalIDString = 359371AC2AF4EE4000124E5D;
			remoteInfo = MILLIONZ_cloneCoding;
		};
/* End PBXContainerItemProxy section */

/* Begin PBXFileReference section */
		359371AD2AF4EE4000124E5D /* MILLIONZ_cloneCoding.app */ = {isa = PBXFileReference; explicitFileType = wrapper.application; includeInIndex = 0; path = MILLIONZ_cloneCoding.app; sourceTree = BUILT_PRODUCTS_DIR; };
		359371B02AF4EE4000124E5D /* AppDelegate.swift */ = {isa = PBXFileReference; lastKnownFileType = sourcecode.swift; path = AppDelegate.swift; sourceTree = "<group>"; };
		359371B22AF4EE4000124E5D /* SceneDelegate.swift */ = {isa = PBXFileReference; lastKnownFileType = sourcecode.swift; path = SceneDelegate.swift; sourceTree = "<group>"; };
		359371B42AF4EE4000124E5D /* ViewController.swift */ = {isa = PBXFileReference; lastKnownFileType = sourcecode.swift; path = ViewController.swift; sourceTree = "<group>"; };
		359371B72AF4EE4000124E5D /* Base */ = {isa = PBXFileReference; lastKnownFileType = file.storyboard; name = Base; path = Base.lproj/Main.storyboard; sourceTree = "<group>"; };
		359371B92AF4EE4100124E5D /* Assets.xcassets */ = {isa = PBXFileReference; lastKnownFileType = folder.assetcatalog; path = Assets.xcassets; sourceTree = "<group>"; };
		359371BC2AF4EE4100124E5D /* Base */ = {isa = PBXFileReference; lastKnownFileType = file.storyboard; name = Base; path = Base.lproj/LaunchScreen.storyboard; sourceTree = "<group>"; };
		359371BE2AF4EE4100124E5D /* Info.plist */ = {isa = PBXFileReference; lastKnownFileType = text.plist.xml; path = Info.plist; sourceTree = "<group>"; };
		359371C32AF4EE4100124E5D /* MILLIONZ_cloneCodingTests.xctest */ = {isa = PBXFileReference; explicitFileType = wrapper.cfbundle; includeInIndex = 0; path = MILLIONZ_cloneCodingTests.xctest; sourceTree = BUILT_PRODUCTS_DIR; };
		359371C72AF4EE4100124E5D /* MILLIONZ_cloneCodingTests.swift */ = {isa = PBXFileReference; lastKnownFileType = sourcecode.swift; path = MILLIONZ_cloneCodingTests.swift; sourceTree = "<group>"; };
		359371CD2AF4EE4100124E5D /* MILLIONZ_cloneCodingUITests.xctest */ = {isa = PBXFileReference; explicitFileType = wrapper.cfbundle; includeInIndex = 0; path = MILLIONZ_cloneCodingUITests.xctest; sourceTree = BUILT_PRODUCTS_DIR; };
		359371D12AF4EE4100124E5D /* MILLIONZ_cloneCodingUITests.swift */ = {isa = PBXFileReference; lastKnownFileType = sourcecode.swift; path = MILLIONZ_cloneCodingUITests.swift; sourceTree = "<group>"; };
		359371D32AF4EE4100124E5D /* MILLIONZ_cloneCodingUITestsLaunchTests.swift */ = {isa = PBXFileReference; lastKnownFileType = sourcecode.swift; path = MILLIONZ_cloneCodingUITestsLaunchTests.swift; sourceTree = "<group>"; };
/* End PBXFileReference section */

/* Begin PBXFrameworksBuildPhase section */
		359371AA2AF4EE4000124E5D /* Frameworks */ = {
			isa = PBXFrameworksBuildPhase;
			buildActionMask = 2147483647;
			files = (
			);
			runOnlyForDeploymentPostprocessing = 0;
		};
		359371C02AF4EE4100124E5D /* Frameworks */ = {
			isa = PBXFrameworksBuildPhase;
			buildActionMask = 2147483647;
			files = (
			);
			runOnlyForDeploymentPostprocessing = 0;
		};
		359371CA2AF4EE4100124E5D /* Frameworks */ = {
			isa = PBXFrameworksBuildPhase;
			buildActionMask = 2147483647;
			files = (
			);
			runOnlyForDeploymentPostprocessing = 0;
		};
/* End PBXFrameworksBuildPhase section */

/* Begin PBXGroup section */
		359371A42AF4EE4000124E5D = {
			isa = PBXGroup;
			children = (
				359371AF2AF4EE4000124E5D /* MILLIONZ_cloneCoding */,
				359371C62AF4EE4100124E5D /* MILLIONZ_cloneCodingTests */,
				359371D02AF4EE4100124E5D /* MILLIONZ_cloneCodingUITests */,
				359371AE2AF4EE4000124E5D /* Products */,
			);
			sourceTree = "<group>";
		};
		359371AE2AF4EE4000124E5D /* Products */ = {
			isa = PBXGroup;
			children = (
				359371AD2AF4EE4000124E5D /* MILLIONZ_cloneCoding.app */,
				359371C32AF4EE4100124E5D /* MILLIONZ_cloneCodingTests.xctest */,
				359371CD2AF4EE4100124E5D /* MILLIONZ_cloneCodingUITests.xctest */,
			);
			name = Products;
			sourceTree = "<group>";
		};
		359371AF2AF4EE4000124E5D /* MILLIONZ_cloneCoding */ = {
			isa = PBXGroup;
			children = (
				359371B02AF4EE4000124E5D /* AppDelegate.swift */,
				359371B22AF4EE4000124E5D /* SceneDelegate.swift */,
				359371B42AF4EE4000124E5D /* ViewController.swift */,
				359371B62AF4EE4000124E5D /* Main.storyboard */,
				359371B92AF4EE4100124E5D /* Assets.xcassets */,
				359371BB2AF4EE4100124E5D /* LaunchScreen.storyboard */,
				359371BE2AF4EE4100124E5D /* Info.plist */,
			);
			path = MILLIONZ_cloneCoding;
			sourceTree = "<group>";
		};
		359371C62AF4EE4100124E5D /* MILLIONZ_cloneCodingTests */ = {
			isa = PBXGroup;
			children = (
				359371C72AF4EE4100124E5D /* MILLIONZ_cloneCodingTests.swift */,
			);
			path = MILLIONZ_cloneCodingTests;
			sourceTree = "<group>";
		};
		359371D02AF4EE4100124E5D /* MILLIONZ_cloneCodingUITests */ = {
			isa = PBXGroup;
			children = (
				359371D12AF4EE4100124E5D /* MILLIONZ_cloneCodingUITests.swift */,
				359371D32AF4EE4100124E5D /* MILLIONZ_cloneCodingUITestsLaunchTests.swift */,
			);
			path = MILLIONZ_cloneCodingUITests;
			sourceTree = "<group>";
		};
/* End PBXGroup section */

/* Begin PBXNativeTarget section */
		359371AC2AF4EE4000124E5D /* MILLIONZ_cloneCoding */ = {
			isa = PBXNativeTarget;
			buildConfigurationList = 359371D72AF4EE4100124E5D /* Build configuration list for PBXNativeTarget "MILLIONZ_cloneCoding" */;
			buildPhases = (
				359371A92AF4EE4000124E5D /* Sources */,
				359371AA2AF4EE4000124E5D /* Frameworks */,
				359371AB2AF4EE4000124E5D /* Resources */,
			);
			buildRules = (
			);
			dependencies = (
			);
			name = MILLIONZ_cloneCoding;
			productName = MILLIONZ_cloneCoding;
			productReference = 359371AD2AF4EE4000124E5D /* MILLIONZ_cloneCoding.app */;
			productType = "com.apple.product-type.application";
		};
		359371C22AF4EE4100124E5D /* MILLIONZ_cloneCodingTests */ = {
			isa = PBXNativeTarget;
			buildConfigurationList = 359371DA2AF4EE4100124E5D /* Build configuration list for PBXNativeTarget "MILLIONZ_cloneCodingTests" */;
			buildPhases = (
				359371BF2AF4EE4100124E5D /* Sources */,
				359371C02AF4EE4100124E5D /* Frameworks */,
				359371C12AF4EE4100124E5D /* Resources */,
			);
			buildRules = (
			);
			dependencies = (
				359371C52AF4EE4100124E5D /* PBXTargetDependency */,
			);
			name = MILLIONZ_cloneCodingTests;
			productName = MILLIONZ_cloneCodingTests;
			productReference = 359371C32AF4EE4100124E5D /* MILLIONZ_cloneCodingTests.xctest */;
			productType = "com.apple.product-type.bundle.unit-test";
		};
		359371CC2AF4EE4100124E5D /* MILLIONZ_cloneCodingUITests */ = {
			isa = PBXNativeTarget;
			buildConfigurationList = 359371DD2AF4EE4100124E5D /* Build configuration list for PBXNativeTarget "MILLIONZ_cloneCodingUITests" */;
			buildPhases = (
				359371C92AF4EE4100124E5D /* Sources */,
				359371CA2AF4EE4100124E5D /* Frameworks */,
				359371CB2AF4EE4100124E5D /* Resources */,
			);
			buildRules = (
			);
			dependencies = (
				359371CF2AF4EE4100124E5D /* PBXTargetDependency */,
			);
			name = MILLIONZ_cloneCodingUITests;
			productName = MILLIONZ_cloneCodingUITests;
			productReference = 359371CD2AF4EE4100124E5D /* MILLIONZ_cloneCodingUITests.xctest */;
			productType = "com.apple.product-type.bundle.ui-testing";
		};
/* End PBXNativeTarget section */

/* Begin PBXProject section */
		359371A52AF4EE4000124E5D /* Project object */ = {
			isa = PBXProject;
			attributes = {
				BuildIndependentTargetsInParallel = 1;
				LastSwiftUpdateCheck = 1500;
				LastUpgradeCheck = 1500;
				TargetAttributes = {
					359371AC2AF4EE4000124E5D = {
						CreatedOnToolsVersion = 15.0;
					};
					359371C22AF4EE4100124E5D = {
						CreatedOnToolsVersion = 15.0;
						TestTargetID = 359371AC2AF4EE4000124E5D;
					};
					359371CC2AF4EE4100124E5D = {
						CreatedOnToolsVersion = 15.0;
						TestTargetID = 359371AC2AF4EE4000124E5D;
					};
				};
			};
			buildConfigurationList = 359371A82AF4EE4000124E5D /* Build configuration list for PBXProject "MILLIONZ_cloneCoding" */;
			compatibilityVersion = "Xcode 14.0";
			developmentRegion = en;
			hasScannedForEncodings = 0;
			knownRegions = (
				en,
				Base,
			);
			mainGroup = 359371A42AF4EE4000124E5D;
			productRefGroup = 359371AE2AF4EE4000124E5D /* Products */;
			projectDirPath = "";
			projectRoot = "";
			targets = (
				359371AC2AF4EE4000124E5D /* MILLIONZ_cloneCoding */,
				359371C22AF4EE4100124E5D /* MILLIONZ_cloneCodingTests */,
				359371CC2AF4EE4100124E5D /* MILLIONZ_cloneCodingUITests */,
			);
		};
/* End PBXProject section */

/* Begin PBXResourcesBuildPhase section */
		359371AB2AF4EE4000124E5D /* Resources */ = {
			isa = PBXResourcesBuildPhase;
			buildActionMask = 2147483647;
			files = (
				359371BD2AF4EE4100124E5D /* LaunchScreen.storyboard in Resources */,
				359371BA2AF4EE4100124E5D /* Assets.xcassets in Resources */,
				359371B82AF4EE4000124E5D /* Main.storyboard in Resources */,
			);
			runOnlyForDeploymentPostprocessing = 0;
		};
		359371C12AF4EE4100124E5D /* Resources */ = {
			isa = PBXResourcesBuildPhase;
			buildActionMask = 2147483647;
			files = (
			);
			runOnlyForDeploymentPostprocessing = 0;
		};
		359371CB2AF4EE4100124E5D /* Resources */ = {
			isa = PBXResourcesBuildPhase;
			buildActionMask = 2147483647;
			files = (
			);
			runOnlyForDeploymentPostprocessing = 0;
		};
/* End PBXResourcesBuildPhase section */

/* Begin PBXSourcesBuildPhase section */
		359371A92AF4EE4000124E5D /* Sources */ = {
			isa = PBXSourcesBuildPhase;
			buildActionMask = 2147483647;
			files = (
				359371B52AF4EE4000124E5D /* ViewController.swift in Sources */,
				359371B12AF4EE4000124E5D /* AppDelegate.swift in Sources */,
				359371B32AF4EE4000124E5D /* SceneDelegate.swift in Sources */,
			);
			runOnlyForDeploymentPostprocessing = 0;
		};
		359371BF2AF4EE4100124E5D /* Sources */ = {
			isa = PBXSourcesBuildPhase;
			buildActionMask = 2147483647;
			files = (
				359371C82AF4EE4100124E5D /* MILLIONZ_cloneCodingTests.swift in Sources */,
			);
			runOnlyForDeploymentPostprocessing = 0;
		};
		359371C92AF4EE4100124E5D /* Sources */ = {
			isa = PBXSourcesBuildPhase;
			buildActionMask = 2147483647;
			files = (
				359371D42AF4EE4100124E5D /* MILLIONZ_cloneCodingUITestsLaunchTests.swift in Sources */,
				359371D22AF4EE4100124E5D /* MILLIONZ_cloneCodingUITests.swift in Sources */,
			);
			runOnlyForDeploymentPostprocessing = 0;
		};
/* End PBXSourcesBuildPhase section */

/* Begin PBXTargetDependency section */
		359371C52AF4EE4100124E5D /* PBXTargetDependency */ = {
			isa = PBXTargetDependency;
			target = 359371AC2AF4EE4000124E5D /* MILLIONZ_cloneCoding */;
			targetProxy = 359371C42AF4EE4100124E5D /* PBXContainerItemProxy */;
		};
		359371CF2AF4EE4100124E5D /* PBXTargetDependency */ = {
			isa = PBXTargetDependency;
			target = 359371AC2AF4EE4000124E5D /* MILLIONZ_cloneCoding */;
			targetProxy = 359371CE2AF4EE4100124E5D /* PBXContainerItemProxy */;
		};
/* End PBXTargetDependency section */

/* Begin PBXVariantGroup section */
		359371B62AF4EE4000124E5D /* Main.storyboard */ = {
			isa = PBXVariantGroup;
			children = (
				359371B72AF4EE4000124E5D /* Base */,
			);
			name = Main.storyboard;
			sourceTree = "<group>";
		};
		359371BB2AF4EE4100124E5D /* LaunchScreen.storyboard */ = {
			isa = PBXVariantGroup;
			children = (
				359371BC2AF4EE4100124E5D /* Base */,
			);
			name = LaunchScreen.storyboard;
			sourceTree = "<group>";
		};
/* End PBXVariantGroup section */

/* Begin XCBuildConfiguration section */
		359371D52AF4EE4100124E5D /* Debug */ = {
			isa = XCBuildConfiguration;
			buildSettings = {
				ALWAYS_SEARCH_USER_PATHS = NO;
				ASSETCATALOG_COMPILER_GENERATE_SWIFT_ASSET_SYMBOL_EXTENSIONS = YES;
				CLANG_ANALYZER_NONNULL = YES;
				CLANG_ANALYZER_NUMBER_OBJECT_CONVERSION = YES_AGGRESSIVE;
				CLANG_CXX_LANGUAGE_STANDARD = "gnu++20";
				CLANG_ENABLE_MODULES = YES;
				CLANG_ENABLE_OBJC_ARC = YES;
				CLANG_ENABLE_OBJC_WEAK = YES;
				CLANG_WARN_BLOCK_CAPTURE_AUTORELEASING = YES;
				CLANG_WARN_BOOL_CONVERSION = YES;
				CLANG_WARN_COMMA = YES;
				CLANG_WARN_CONSTANT_CONVERSION = YES;
				CLANG_WARN_DEPRECATED_OBJC_IMPLEMENTATIONS = YES;
				CLANG_WARN_DIRECT_OBJC_ISA_USAGE = YES_ERROR;
				CLANG_WARN_DOCUMENTATION_COMMENTS = YES;
				CLANG_WARN_EMPTY_BODY = YES;
				CLANG_WARN_ENUM_CONVERSION = YES;
				CLANG_WARN_INFINITE_RECURSION = YES;
				CLANG_WARN_INT_CONVERSION = YES;
				CLANG_WARN_NON_LITERAL_NULL_CONVERSION = YES;
				CLANG_WARN_OBJC_IMPLICIT_RETAIN_SELF = YES;
				CLANG_WARN_OBJC_LITERAL_CONVERSION = YES;
				CLANG_WARN_OBJC_ROOT_CLASS = YES_ERROR;
				CLANG_WARN_QUOTED_INCLUDE_IN_FRAMEWORK_HEADER = YES;
				CLANG_WARN_RANGE_LOOP_ANALYSIS = YES;
				CLANG_WARN_STRICT_PROTOTYPES = YES;
				CLANG_WARN_SUSPICIOUS_MOVE = YES;
				CLANG_WARN_UNGUARDED_AVAILABILITY = YES_AGGRESSIVE;
				CLANG_WARN_UNREACHABLE_CODE = YES;
				CLANG_WARN__DUPLICATE_METHOD_MATCH = YES;
				COPY_PHASE_STRIP = NO;
				DEBUG_INFORMATION_FORMAT = dwarf;
				ENABLE_STRICT_OBJC_MSGSEND = YES;
				ENABLE_TESTABILITY = YES;
				ENABLE_USER_SCRIPT_SANDBOXING = YES;
				GCC_C_LANGUAGE_STANDARD = gnu17;
				GCC_DYNAMIC_NO_PIC = NO;
				GCC_NO_COMMON_BLOCKS = YES;
				GCC_OPTIMIZATION_LEVEL = 0;
				GCC_PREPROCESSOR_DEFINITIONS = (
					"DEBUG=1",
					"$(inherited)",
				);
				GCC_WARN_64_TO_32_BIT_CONVERSION = YES;
				GCC_WARN_ABOUT_RETURN_TYPE = YES_ERROR;
				GCC_WARN_UNDECLARED_SELECTOR = YES;
				GCC_WARN_UNINITIALIZED_AUTOS = YES_AGGRESSIVE;
				GCC_WARN_UNUSED_FUNCTION = YES;
				GCC_WARN_UNUSED_VARIABLE = YES;
				IPHONEOS_DEPLOYMENT_TARGET = 17.0;
				LOCALIZATION_PREFERS_STRING_CATALOGS = YES;
				MTL_ENABLE_DEBUG_INFO = INCLUDE_SOURCE;
				MTL_FAST_MATH = YES;
				ONLY_ACTIVE_ARCH = YES;
				SDKROOT = iphoneos;
				SWIFT_ACTIVE_COMPILATION_CONDITIONS = "DEBUG $(inherited)";
				SWIFT_OPTIMIZATION_LEVEL = "-Onone";
			};
			name = Debug;
		};
		359371D62AF4EE4100124E5D /* Release */ = {
			isa = XCBuildConfiguration;
			buildSettings = {
				ALWAYS_SEARCH_USER_PATHS = NO;
				ASSETCATALOG_COMPILER_GENERATE_SWIFT_ASSET_SYMBOL_EXTENSIONS = YES;
				CLANG_ANALYZER_NONNULL = YES;
				CLANG_ANALYZER_NUMBER_OBJECT_CONVERSION = YES_AGGRESSIVE;
				CLANG_CXX_LANGUAGE_STANDARD = "gnu++20";
				CLANG_ENABLE_MODULES = YES;
				CLANG_ENABLE_OBJC_ARC = YES;
				CLANG_ENABLE_OBJC_WEAK = YES;
				CLANG_WARN_BLOCK_CAPTURE_AUTORELEASING = YES;
				CLANG_WARN_BOOL_CONVERSION = YES;
				CLANG_WARN_COMMA = YES;
				CLANG_WARN_CONSTANT_CONVERSION = YES;
				CLANG_WARN_DEPRECATED_OBJC_IMPLEMENTATIONS = YES;
				CLANG_WARN_DIRECT_OBJC_ISA_USAGE = YES_ERROR;
				CLANG_WARN_DOCUMENTATION_COMMENTS = YES;
				CLANG_WARN_EMPTY_BODY = YES;
				CLANG_WARN_ENUM_CONVERSION = YES;
				CLANG_WARN_INFINITE_RECURSION = YES;
				CLANG_WARN_INT_CONVERSION = YES;
				CLANG_WARN_NON_LITERAL_NULL_CONVERSION = YES;
				CLANG_WARN_OBJC_IMPLICIT_RETAIN_SELF = YES;
				CLANG_WARN_OBJC_LITERAL_CONVERSION = YES;
				CLANG_WARN_OBJC_ROOT_CLASS = YES_ERROR;
				CLANG_WARN_QUOTED_INCLUDE_IN_FRAMEWORK_HEADER = YES;
				CLANG_WARN_RANGE_LOOP_ANALYSIS = YES;
				CLANG_WARN_STRICT_PROTOTYPES = YES;
				CLANG_WARN_SUSPICIOUS_MOVE = YES;
				CLANG_WARN_UNGUARDED_AVAILABILITY = YES_AGGRESSIVE;
				CLANG_WARN_UNREACHABLE_CODE = YES;
				CLANG_WARN__DUPLICATE_METHOD_MATCH = YES;
				COPY_PHASE_STRIP = NO;
				DEBUG_INFORMATION_FORMAT = "dwarf-with-dsym";
				ENABLE_NS_ASSERTIONS = NO;
				ENABLE_STRICT_OBJC_MSGSEND = YES;
				ENABLE_USER_SCRIPT_SANDBOXING = YES;
				GCC_C_LANGUAGE_STANDARD = gnu17;
				GCC_NO_COMMON_BLOCKS = YES;
				GCC_WARN_64_TO_32_BIT_CONVERSION = YES;
				GCC_WARN_ABOUT_RETURN_TYPE = YES_ERROR;
				GCC_WARN_UNDECLARED_SELECTOR = YES;
				GCC_WARN_UNINITIALIZED_AUTOS = YES_AGGRESSIVE;
				GCC_WARN_UNUSED_FUNCTION = YES;
				GCC_WARN_UNUSED_VARIABLE = YES;
				IPHONEOS_DEPLOYMENT_TARGET = 17.0;
				LOCALIZATION_PREFERS_STRING_CATALOGS = YES;
				MTL_ENABLE_DEBUG_INFO = NO;
				MTL_FAST_MATH = YES;
				SDKROOT = iphoneos;
				SWIFT_COMPILATION_MODE = wholemodule;
				VALIDATE_PRODUCT = YES;
			};
			name = Release;
		};
		359371D82AF4EE4100124E5D /* Debug */ = {
			isa = XCBuildConfiguration;
			buildSettings = {
				ASSETCATALOG_COMPILER_APPICON_NAME = AppIcon;
				ASSETCATALOG_COMPILER_GLOBAL_ACCENT_COLOR_NAME = AccentColor;
				CODE_SIGN_STYLE = Automatic;
				CURRENT_PROJECT_VERSION = 1;
				DEVELOPMENT_TEAM = YNN2UAMM79;
				GENERATE_INFOPLIST_FILE = YES;
				INFOPLIST_FILE = MILLIONZ_cloneCoding/Info.plist;
				INFOPLIST_KEY_UIApplicationSupportsIndirectInputEvents = YES;
				INFOPLIST_KEY_UILaunchStoryboardName = LaunchScreen;
				INFOPLIST_KEY_UIMainStoryboardFile = Main;
				INFOPLIST_KEY_UISupportedInterfaceOrientations_iPad = "UIInterfaceOrientationPortrait UIInterfaceOrientationPortraitUpsideDown UIInterfaceOrientationLandscapeLeft UIInterfaceOrientationLandscapeRight";
				INFOPLIST_KEY_UISupportedInterfaceOrientations_iPhone = "UIInterfaceOrientationPortrait UIInterfaceOrientationLandscapeLeft UIInterfaceOrientationLandscapeRight";
				LD_RUNPATH_SEARCH_PATHS = (
					"$(inherited)",
					"@executable_path/Frameworks",
				);
				MARKETING_VERSION = 1.0;
				PRODUCT_BUNDLE_IDENTIFIER = "chounghui.MILLIONZ-cloneCoding";
				PRODUCT_NAME = "$(TARGET_NAME)";
				SWIFT_EMIT_LOC_STRINGS = YES;
				SWIFT_VERSION = 5.0;
				TARGETED_DEVICE_FAMILY = "1,2";
			};
			name = Debug;
		};
		359371D92AF4EE4100124E5D /* Release */ = {
			isa = XCBuildConfiguration;
			buildSettings = {
				ASSETCATALOG_COMPILER_APPICON_NAME = AppIcon;
				ASSETCATALOG_COMPILER_GLOBAL_ACCENT_COLOR_NAME = AccentColor;
				CODE_SIGN_STYLE = Automatic;
				CURRENT_PROJECT_VERSION = 1;
				DEVELOPMENT_TEAM = YNN2UAMM79;
				GENERATE_INFOPLIST_FILE = YES;
				INFOPLIST_FILE = MILLIONZ_cloneCoding/Info.plist;
				INFOPLIST_KEY_UIApplicationSupportsIndirectInputEvents = YES;
				INFOPLIST_KEY_UILaunchStoryboardName = LaunchScreen;
				INFOPLIST_KEY_UIMainStoryboardFile = Main;
				INFOPLIST_KEY_UISupportedInterfaceOrientations_iPad = "UIInterfaceOrientationPortrait UIInterfaceOrientationPortraitUpsideDown UIInterfaceOrientationLandscapeLeft UIInterfaceOrientationLandscapeRight";
				INFOPLIST_KEY_UISupportedInterfaceOrientations_iPhone = "UIInterfaceOrientationPortrait UIInterfaceOrientationLandscapeLeft UIInterfaceOrientationLandscapeRight";
				LD_RUNPATH_SEARCH_PATHS = (
					"$(inherited)",
					"@executable_path/Frameworks",
				);
				MARKETING_VERSION = 1.0;
				PRODUCT_BUNDLE_IDENTIFIER = "chounghui.MILLIONZ-cloneCoding";
				PRODUCT_NAME = "$(TARGET_NAME)";
				SWIFT_EMIT_LOC_STRINGS = YES;
				SWIFT_VERSION = 5.0;
				TARGETED_DEVICE_FAMILY = "1,2";
			};
			name = Release;
		};
		359371DB2AF4EE4100124E5D /* Debug */ = {
			isa = XCBuildConfiguration;
			buildSettings = {
				ALWAYS_EMBED_SWIFT_STANDARD_LIBRARIES = YES;
				BUNDLE_LOADER = "$(TEST_HOST)";
				CODE_SIGN_STYLE = Automatic;
				CURRENT_PROJECT_VERSION = 1;
				DEVELOPMENT_TEAM = YNN2UAMM79;
				GENERATE_INFOPLIST_FILE = YES;
				IPHONEOS_DEPLOYMENT_TARGET = 17.0;
				MARKETING_VERSION = 1.0;
				PRODUCT_BUNDLE_IDENTIFIER = "chounghui.MILLIONZ-cloneCodingTests";
				PRODUCT_NAME = "$(TARGET_NAME)";
				SWIFT_EMIT_LOC_STRINGS = NO;
				SWIFT_VERSION = 5.0;
				TARGETED_DEVICE_FAMILY = "1,2";
				TEST_HOST = "$(BUILT_PRODUCTS_DIR)/MILLIONZ_cloneCoding.app/$(BUNDLE_EXECUTABLE_FOLDER_PATH)/MILLIONZ_cloneCoding";
			};
			name = Debug;
		};
		359371DC2AF4EE4100124E5D /* Release */ = {
			isa = XCBuildConfiguration;
			buildSettings = {
				ALWAYS_EMBED_SWIFT_STANDARD_LIBRARIES = YES;
				BUNDLE_LOADER = "$(TEST_HOST)";
				CODE_SIGN_STYLE = Automatic;
				CURRENT_PROJECT_VERSION = 1;
				DEVELOPMENT_TEAM = YNN2UAMM79;
				GENERATE_INFOPLIST_FILE = YES;
				IPHONEOS_DEPLOYMENT_TARGET = 17.0;
				MARKETING_VERSION = 1.0;
				PRODUCT_BUNDLE_IDENTIFIER = "chounghui.MILLIONZ-cloneCodingTests";
				PRODUCT_NAME = "$(TARGET_NAME)";
				SWIFT_EMIT_LOC_STRINGS = NO;
				SWIFT_VERSION = 5.0;
				TARGETED_DEVICE_FAMILY = "1,2";
				TEST_HOST = "$(BUILT_PRODUCTS_DIR)/MILLIONZ_cloneCoding.app/$(BUNDLE_EXECUTABLE_FOLDER_PATH)/MILLIONZ_cloneCoding";
			};
			name = Release;
		};
		359371DE2AF4EE4100124E5D /* Debug */ = {
			isa = XCBuildConfiguration;
			buildSettings = {
				ALWAYS_EMBED_SWIFT_STANDARD_LIBRARIES = YES;
				CODE_SIGN_STYLE = Automatic;
				CURRENT_PROJECT_VERSION = 1;
				DEVELOPMENT_TEAM = YNN2UAMM79;
				GENERATE_INFOPLIST_FILE = YES;
				MARKETING_VERSION = 1.0;
				PRODUCT_BUNDLE_IDENTIFIER = "chounghui.MILLIONZ-cloneCodingUITests";
				PRODUCT_NAME = "$(TARGET_NAME)";
				SWIFT_EMIT_LOC_STRINGS = NO;
				SWIFT_VERSION = 5.0;
				TARGETED_DEVICE_FAMILY = "1,2";
				TEST_TARGET_NAME = MILLIONZ_cloneCoding;
			};
			name = Debug;
		};
		359371DF2AF4EE4100124E5D /* Release */ = {
			isa = XCBuildConfiguration;
			buildSettings = {
				ALWAYS_EMBED_SWIFT_STANDARD_LIBRARIES = YES;
				CODE_SIGN_STYLE = Automatic;
				CURRENT_PROJECT_VERSION = 1;
				DEVELOPMENT_TEAM = YNN2UAMM79;
				GENERATE_INFOPLIST_FILE = YES;
				MARKETING_VERSION = 1.0;
				PRODUCT_BUNDLE_IDENTIFIER = "chounghui.MILLIONZ-cloneCodingUITests";
				PRODUCT_NAME = "$(TARGET_NAME)";
				SWIFT_EMIT_LOC_STRINGS = NO;
				SWIFT_VERSION = 5.0;
				TARGETED_DEVICE_FAMILY = "1,2";
				TEST_TARGET_NAME = MILLIONZ_cloneCoding;
			};
			name = Release;
		};
/* End XCBuildConfiguration section */

/* Begin XCConfigurationList section */
		359371A82AF4EE4000124E5D /* Build configuration list for PBXProject "MILLIONZ_cloneCoding" */ = {
			isa = XCConfigurationList;
			buildConfigurations = (
				359371D52AF4EE4100124E5D /* Debug */,
				359371D62AF4EE4100124E5D /* Release */,
			);
			defaultConfigurationIsVisible = 0;
			defaultConfigurationName = Release;
		};
		359371D72AF4EE4100124E5D /* Build configuration list for PBXNativeTarget "MILLIONZ_cloneCoding" */ = {
			isa = XCConfigurationList;
			buildConfigurations = (
				359371D82AF4EE4100124E5D /* Debug */,
				359371D92AF4EE4100124E5D /* Release */,
			);
			defaultConfigurationIsVisible = 0;
			defaultConfigurationName = Release;
		};
		359371DA2AF4EE4100124E5D /* Build configuration list for PBXNativeTarget "MILLIONZ_cloneCodingTests" */ = {
			isa = XCConfigurationList;
			buildConfigurations = (
				359371DB2AF4EE4100124E5D /* Debug */,
				359371DC2AF4EE4100124E5D /* Release */,
			);
			defaultConfigurationIsVisible = 0;
			defaultConfigurationName = Release;
		};
		359371DD2AF4EE4100124E5D /* Build configuration list for PBXNativeTarget "MILLIONZ_cloneCodingUITests" */ = {
			isa = XCConfigurationList;
			buildConfigurations = (
				359371DE2AF4EE4100124E5D /* Debug */,
				359371DF2AF4EE4100124E5D /* Release */,
			);
			defaultConfigurationIsVisible = 0;
			defaultConfigurationName = Release;
		};
/* End XCConfigurationList section */
	};
	rootObject = 359371A52AF4EE4000124E5D /* Project object */;
}
