// !$*UTF8*$!
{
	archiveVersion = 1;
	classes = {
	};
	objectVersion = 56;
	objects = {

/* Begin PBXBuildFile section */
		3523A70D2AF7C3CA0019FC7C /* UITextField+ClearButton.swift in Sources */ = {isa = PBXBuildFile; fileRef = 3523A70C2AF7C3CA0019FC7C /* UITextField+ClearButton.swift */; };
		3523A7132AF7CF010019FC7C /* RxCocoa in Frameworks */ = {isa = PBXBuildFile; productRef = 3523A7122AF7CF010019FC7C /* RxCocoa */; };
		3523A7152AF7CF010019FC7C /* RxSwift in Frameworks */ = {isa = PBXBuildFile; productRef = 3523A7142AF7CF010019FC7C /* RxSwift */; };
		352733FE2AF7845900ABEB05 /* UIView+XibLoading.swift in Sources */ = {isa = PBXBuildFile; fileRef = 352733FD2AF7845900ABEB05 /* UIView+XibLoading.swift */; };
		352734002AF7938B00ABEB05 /* TextInputBar.xib in Resources */ = {isa = PBXBuildFile; fileRef = 352733FF2AF7938B00ABEB05 /* TextInputBar.xib */; };
		352734042AF7954300ABEB05 /* TextInputBar.swift in Sources */ = {isa = PBXBuildFile; fileRef = 352734032AF7954300ABEB05 /* TextInputBar.swift */; };
		352734062AF7A0BC00ABEB05 /* UIColor+CustomColors.swift in Sources */ = {isa = PBXBuildFile; fileRef = 352734052AF7A0BC00ABEB05 /* UIColor+CustomColors.swift */; };
		358CAEBB2AF5557E00C070FB /* PreviousSNSTypeAlertView.xib in Resources */ = {isa = PBXBuildFile; fileRef = 358CAEBA2AF5557E00C070FB /* PreviousSNSTypeAlertView.xib */; };
		358CAEBE2AF5572300C070FB /* SnapKit in Frameworks */ = {isa = PBXBuildFile; productRef = 358CAEBD2AF5572300C070FB /* SnapKit */; };
		358CAEC22AF75DA000C070FB /* NicknameInputViewController.swift in Sources */ = {isa = PBXBuildFile; fileRef = 358CAEC12AF75DA000C070FB /* NicknameInputViewController.swift */; };
		358CAEC82AF7718B00C070FB /* ActionBottomButton.xib in Resources */ = {isa = PBXBuildFile; fileRef = 358CAEC72AF7718B00C070FB /* ActionBottomButton.xib */; };
		358CAECA2AF774B600C070FB /* ActionBottomButton.swift in Sources */ = {isa = PBXBuildFile; fileRef = 358CAEC92AF774B600C070FB /* ActionBottomButton.swift */; };
		358CB0E12AF88AC00087832B /* PreviousSNSTypeAlertView.swift in Sources */ = {isa = PBXBuildFile; fileRef = 358CB0E02AF88AC00087832B /* PreviousSNSTypeAlertView.swift */; };
		358CB0E42AF8ACB00087832B /* SharedRegistrationViewModel.swift in Sources */ = {isa = PBXBuildFile; fileRef = 358CB0E32AF8ACB00087832B /* SharedRegistrationViewModel.swift */; };
		358CB0E82AF8C9DB0087832B /* CharacterSelectionViewController.swift in Sources */ = {isa = PBXBuildFile; fileRef = 358CB0E72AF8C9DB0087832B /* CharacterSelectionViewController.swift */; };
		358CB0EB2AF8CE9F0087832B /* SegueIdentifier.swift in Sources */ = {isa = PBXBuildFile; fileRef = 358CB0EA2AF8CE9F0087832B /* SegueIdentifier.swift */; };
		358CB0F02AF8E9790087832B /* Character.swift in Sources */ = {isa = PBXBuildFile; fileRef = 358CB0EF2AF8E9790087832B /* Character.swift */; };
		358CB0F22AF8E99F0087832B /* RegistrationService.swift in Sources */ = {isa = PBXBuildFile; fileRef = 358CB0F12AF8E99F0087832B /* RegistrationService.swift */; };
		358CB0F82AF8F4100087832B /* CharacterSelectionCell.swift in Sources */ = {isa = PBXBuildFile; fileRef = 358CB0F62AF8F4100087832B /* CharacterSelectionCell.swift */; };
		358CB0F92AF8F4100087832B /* CharacterSelectionCell.xib in Resources */ = {isa = PBXBuildFile; fileRef = 358CB0F72AF8F4100087832B /* CharacterSelectionCell.xib */; };
		358CB0FC2AF8F7550087832B /* BottomTailPICKBubbleView.xib in Resources */ = {isa = PBXBuildFile; fileRef = 358CB0FB2AF8F7550087832B /* BottomTailPICKBubbleView.xib */; };
		358CB0FE2AF8FB680087832B /* BottomTailPICKBubbleView.swift in Sources */ = {isa = PBXBuildFile; fileRef = 358CB0FD2AF8FB680087832B /* BottomTailPICKBubbleView.swift */; };
		358CB1002AF921C00087832B /* UIImageView+AsyncLoad.swift in Sources */ = {isa = PBXBuildFile; fileRef = 358CB0FF2AF921C00087832B /* UIImageView+AsyncLoad.swift */; };
		358CB1022AF93B8B0087832B /* CenteredFlowLayout.swift in Sources */ = {isa = PBXBuildFile; fileRef = 358CB1012AF93B8B0087832B /* CenteredFlowLayout.swift */; };
		358CB1082AFA26250087832B /* Environment.swift in Sources */ = {isa = PBXBuildFile; fileRef = 358CB1072AFA26250087832B /* Environment.swift */; };
		358CB10C2AFA39290087832B /* RegistrationCompleteViewController.swift in Sources */ = {isa = PBXBuildFile; fileRef = 358CB10B2AFA39290087832B /* RegistrationCompleteViewController.swift */; };
		358CB10F2AFA43EE0087832B /* UserProfileCard.xib in Resources */ = {isa = PBXBuildFile; fileRef = 358CB10E2AFA43EE0087832B /* UserProfileCard.xib */; };
		358CB1112AFA46440087832B /* UserProfileCard.swift in Sources */ = {isa = PBXBuildFile; fileRef = 358CB1102AFA46440087832B /* UserProfileCard.swift */; };
		358CB1142AFA58CB0087832B /* SnsType.swift in Sources */ = {isa = PBXBuildFile; fileRef = 358CB1132AFA58CB0087832B /* SnsType.swift */; };
		358CB1162AFA7F720087832B /* UserDefaultsKeys.swift in Sources */ = {isa = PBXBuildFile; fileRef = 358CB1152AFA7F720087832B /* UserDefaultsKeys.swift */; };
		358CB1182AFA8AB20087832B /* ActionButton.swift in Sources */ = {isa = PBXBuildFile; fileRef = 358CB1172AFA8AB20087832B /* ActionButton.swift */; };
		358CB11A2AFA91BD0087832B /* ImageNames.swift in Sources */ = {isa = PBXBuildFile; fileRef = 358CB1192AFA91BD0087832B /* ImageNames.swift */; };
		358CB11C2AFA925D0087832B /* FontNames.swift in Sources */ = {isa = PBXBuildFile; fileRef = 358CB11B2AFA925D0087832B /* FontNames.swift */; };
		358CB11E2AFAA4C70087832B /* ImageCacheManager.swift in Sources */ = {isa = PBXBuildFile; fileRef = 358CB11D2AFAA4C70087832B /* ImageCacheManager.swift */; };
		358CB1202AFABF790087832B /* RegistrationInfo.swift in Sources */ = {isa = PBXBuildFile; fileRef = 358CB11F2AFABF790087832B /* RegistrationInfo.swift */; };
		359371B12AF4EE4000124E5D /* AppDelegate.swift in Sources */ = {isa = PBXBuildFile; fileRef = 359371B02AF4EE4000124E5D /* AppDelegate.swift */; };
		359371B32AF4EE4000124E5D /* SceneDelegate.swift in Sources */ = {isa = PBXBuildFile; fileRef = 359371B22AF4EE4000124E5D /* SceneDelegate.swift */; };
		359371B52AF4EE4000124E5D /* SNSLoginViewController.swift in Sources */ = {isa = PBXBuildFile; fileRef = 359371B42AF4EE4000124E5D /* SNSLoginViewController.swift */; };
		359371B82AF4EE4000124E5D /* Main.storyboard in Resources */ = {isa = PBXBuildFile; fileRef = 359371B62AF4EE4000124E5D /* Main.storyboard */; };
		359371BA2AF4EE4100124E5D /* Assets.xcassets in Resources */ = {isa = PBXBuildFile; fileRef = 359371B92AF4EE4100124E5D /* Assets.xcassets */; };
		359371BD2AF4EE4100124E5D /* LaunchScreen.storyboard in Resources */ = {isa = PBXBuildFile; fileRef = 359371BB2AF4EE4100124E5D /* LaunchScreen.storyboard */; };
		359371C82AF4EE4100124E5D /* MILLIONZ_cloneCodingTests.swift in Sources */ = {isa = PBXBuildFile; fileRef = 359371C72AF4EE4100124E5D /* MILLIONZ_cloneCodingTests.swift */; };
		359371D22AF4EE4100124E5D /* MILLIONZ_cloneCodingUITests.swift in Sources */ = {isa = PBXBuildFile; fileRef = 359371D12AF4EE4100124E5D /* MILLIONZ_cloneCodingUITests.swift */; };
		359371D42AF4EE4100124E5D /* MILLIONZ_cloneCodingUITestsLaunchTests.swift in Sources */ = {isa = PBXBuildFile; fileRef = 359371D32AF4EE4100124E5D /* MILLIONZ_cloneCodingUITestsLaunchTests.swift */; };
		359371EF2AF5305C00124E5D /* SpoqaHanSansNeo-Bold.otf in Resources */ = {isa = PBXBuildFile; fileRef = 359371EC2AF5305C00124E5D /* SpoqaHanSansNeo-Bold.otf */; };
		359371F02AF5305C00124E5D /* SpoqaHanSansNeo-Regular.otf in Resources */ = {isa = PBXBuildFile; fileRef = 359371ED2AF5305C00124E5D /* SpoqaHanSansNeo-Regular.otf */; };
		359371F12AF5305C00124E5D /* SpoqaHanSansNeo-Medium.otf in Resources */ = {isa = PBXBuildFile; fileRef = 359371EE2AF5305C00124E5D /* SpoqaHanSansNeo-Medium.otf */; };
		35DC44832AFB268600C6623D /* UIViewController+Alert.swift in Sources */ = {isa = PBXBuildFile; fileRef = 35DC44822AFB268600C6623D /* UIViewController+Alert.swift */; };
/* End PBXBuildFile section */

/* Begin PBXContainerItemProxy section */
		359371C42AF4EE4100124E5D /* PBXContainerItemProxy */ = {
			isa = PBXContainerItemProxy;
			containerPortal = 359371A52AF4EE4000124E5D /* Project object */;
			proxyType = 1;
			remoteGlobalIDString = 359371AC2AF4EE4000124E5D;
			remoteInfo = MILLIONZ_cloneCoding;
		};
		359371CE2AF4EE4100124E5D /* PBXContainerItemProxy */ = {
			isa = PBXContainerItemProxy;
			containerPortal = 359371A52AF4EE4000124E5D /* Project object */;
			proxyType = 1;
			remoteGlobalIDString = 359371AC2AF4EE4000124E5D;
			remoteInfo = MILLIONZ_cloneCoding;
		};
/* End PBXContainerItemProxy section */

/* Begin PBXFileReference section */
		3523A70C2AF7C3CA0019FC7C /* UITextField+ClearButton.swift */ = {isa = PBXFileReference; lastKnownFileType = sourcecode.swift; path = "UITextField+ClearButton.swift"; sourceTree = "<group>"; };
		352733FD2AF7845900ABEB05 /* UIView+XibLoading.swift */ = {isa = PBXFileReference; lastKnownFileType = sourcecode.swift; path = "UIView+XibLoading.swift"; sourceTree = "<group>"; };
		352733FF2AF7938B00ABEB05 /* TextInputBar.xib */ = {isa = PBXFileReference; lastKnownFileType = file.xib; path = TextInputBar.xib; sourceTree = "<group>"; };
		352734032AF7954300ABEB05 /* TextInputBar.swift */ = {isa = PBXFileReference; lastKnownFileType = sourcecode.swift; path = TextInputBar.swift; sourceTree = "<group>"; };
		352734052AF7A0BC00ABEB05 /* UIColor+CustomColors.swift */ = {isa = PBXFileReference; lastKnownFileType = sourcecode.swift; path = "UIColor+CustomColors.swift"; sourceTree = "<group>"; };
		358CAEBA2AF5557E00C070FB /* PreviousSNSTypeAlertView.xib */ = {isa = PBXFileReference; lastKnownFileType = file.xib; path = PreviousSNSTypeAlertView.xib; sourceTree = "<group>"; };
		358CAEC12AF75DA000C070FB /* NicknameInputViewController.swift */ = {isa = PBXFileReference; lastKnownFileType = sourcecode.swift; path = NicknameInputViewController.swift; sourceTree = "<group>"; };
		358CAEC72AF7718B00C070FB /* ActionBottomButton.xib */ = {isa = PBXFileReference; lastKnownFileType = file.xib; path = ActionBottomButton.xib; sourceTree = "<group>"; };
		358CAEC92AF774B600C070FB /* ActionBottomButton.swift */ = {isa = PBXFileReference; lastKnownFileType = sourcecode.swift; path = ActionBottomButton.swift; sourceTree = "<group>"; };
		358CB0E02AF88AC00087832B /* PreviousSNSTypeAlertView.swift */ = {isa = PBXFileReference; lastKnownFileType = sourcecode.swift; path = PreviousSNSTypeAlertView.swift; sourceTree = "<group>"; };
		358CB0E32AF8ACB00087832B /* SharedRegistrationViewModel.swift */ = {isa = PBXFileReference; lastKnownFileType = sourcecode.swift; path = SharedRegistrationViewModel.swift; sourceTree = "<group>"; };
		358CB0E72AF8C9DB0087832B /* CharacterSelectionViewController.swift */ = {isa = PBXFileReference; lastKnownFileType = sourcecode.swift; path = CharacterSelectionViewController.swift; sourceTree = "<group>"; };
		358CB0EA2AF8CE9F0087832B /* SegueIdentifier.swift */ = {isa = PBXFileReference; lastKnownFileType = sourcecode.swift; path = SegueIdentifier.swift; sourceTree = "<group>"; };
		358CB0EF2AF8E9790087832B /* Character.swift */ = {isa = PBXFileReference; lastKnownFileType = sourcecode.swift; path = Character.swift; sourceTree = "<group>"; };
		358CB0F12AF8E99F0087832B /* RegistrationService.swift */ = {isa = PBXFileReference; lastKnownFileType = sourcecode.swift; path = RegistrationService.swift; sourceTree = "<group>"; };
		358CB0F62AF8F4100087832B /* CharacterSelectionCell.swift */ = {isa = PBXFileReference; lastKnownFileType = sourcecode.swift; path = CharacterSelectionCell.swift; sourceTree = "<group>"; };
		358CB0F72AF8F4100087832B /* CharacterSelectionCell.xib */ = {isa = PBXFileReference; lastKnownFileType = file.xib; path = CharacterSelectionCell.xib; sourceTree = "<group>"; };
		358CB0FB2AF8F7550087832B /* BottomTailPICKBubbleView.xib */ = {isa = PBXFileReference; lastKnownFileType = file.xib; path = BottomTailPICKBubbleView.xib; sourceTree = "<group>"; };
		358CB0FD2AF8FB680087832B /* BottomTailPICKBubbleView.swift */ = {isa = PBXFileReference; lastKnownFileType = sourcecode.swift; path = BottomTailPICKBubbleView.swift; sourceTree = "<group>"; };
		358CB0FF2AF921C00087832B /* UIImageView+AsyncLoad.swift */ = {isa = PBXFileReference; lastKnownFileType = sourcecode.swift; path = "UIImageView+AsyncLoad.swift"; sourceTree = "<group>"; };
		358CB1012AF93B8B0087832B /* CenteredFlowLayout.swift */ = {isa = PBXFileReference; lastKnownFileType = sourcecode.swift; path = CenteredFlowLayout.swift; sourceTree = "<group>"; };
		358CB1062AFA257C0087832B /* Config.xcconfig */ = {isa = PBXFileReference; lastKnownFileType = text.xcconfig; path = Config.xcconfig; sourceTree = "<group>"; };
		358CB1072AFA26250087832B /* Environment.swift */ = {isa = PBXFileReference; fileEncoding = 4; lastKnownFileType = sourcecode.swift; path = Environment.swift; sourceTree = "<group>"; };
		358CB10B2AFA39290087832B /* RegistrationCompleteViewController.swift */ = {isa = PBXFileReference; lastKnownFileType = sourcecode.swift; path = RegistrationCompleteViewController.swift; sourceTree = "<group>"; };
		358CB10E2AFA43EE0087832B /* UserProfileCard.xib */ = {isa = PBXFileReference; lastKnownFileType = file.xib; path = UserProfileCard.xib; sourceTree = "<group>"; };
		358CB1102AFA46440087832B /* UserProfileCard.swift */ = {isa = PBXFileReference; lastKnownFileType = sourcecode.swift; path = UserProfileCard.swift; sourceTree = "<group>"; };
		358CB1132AFA58CB0087832B /* SnsType.swift */ = {isa = PBXFileReference; lastKnownFileType = sourcecode.swift; path = SnsType.swift; sourceTree = "<group>"; };
		358CB1152AFA7F720087832B /* UserDefaultsKeys.swift */ = {isa = PBXFileReference; lastKnownFileType = sourcecode.swift; path = UserDefaultsKeys.swift; sourceTree = "<group>"; };
		358CB1172AFA8AB20087832B /* ActionButton.swift */ = {isa = PBXFileReference; lastKnownFileType = sourcecode.swift; path = ActionButton.swift; sourceTree = "<group>"; };
		358CB1192AFA91BD0087832B /* ImageNames.swift */ = {isa = PBXFileReference; lastKnownFileType = sourcecode.swift; path = ImageNames.swift; sourceTree = "<group>"; };
		358CB11B2AFA925D0087832B /* FontNames.swift */ = {isa = PBXFileReference; lastKnownFileType = sourcecode.swift; path = FontNames.swift; sourceTree = "<group>"; };
		358CB11D2AFAA4C70087832B /* ImageCacheManager.swift */ = {isa = PBXFileReference; lastKnownFileType = sourcecode.swift; path = ImageCacheManager.swift; sourceTree = "<group>"; };
		358CB11F2AFABF790087832B /* RegistrationInfo.swift */ = {isa = PBXFileReference; lastKnownFileType = sourcecode.swift; path = RegistrationInfo.swift; sourceTree = "<group>"; };
		359371AD2AF4EE4000124E5D /* MILLIONZ_cloneCoding.app */ = {isa = PBXFileReference; explicitFileType = wrapper.application; includeInIndex = 0; path = MILLIONZ_cloneCoding.app; sourceTree = BUILT_PRODUCTS_DIR; };
		359371B02AF4EE4000124E5D /* AppDelegate.swift */ = {isa = PBXFileReference; lastKnownFileType = sourcecode.swift; path = AppDelegate.swift; sourceTree = "<group>"; };
		359371B22AF4EE4000124E5D /* SceneDelegate.swift */ = {isa = PBXFileReference; lastKnownFileType = sourcecode.swift; path = SceneDelegate.swift; sourceTree = "<group>"; };
		359371B42AF4EE4000124E5D /* SNSLoginViewController.swift */ = {isa = PBXFileReference; lastKnownFileType = sourcecode.swift; path = SNSLoginViewController.swift; sourceTree = "<group>"; };
		359371B72AF4EE4000124E5D /* Base */ = {isa = PBXFileReference; lastKnownFileType = file.storyboard; name = Base; path = Base.lproj/Main.storyboard; sourceTree = "<group>"; };
		359371B92AF4EE4100124E5D /* Assets.xcassets */ = {isa = PBXFileReference; lastKnownFileType = folder.assetcatalog; path = Assets.xcassets; sourceTree = "<group>"; };
		359371BC2AF4EE4100124E5D /* Base */ = {isa = PBXFileReference; lastKnownFileType = file.storyboard; name = Base; path = Base.lproj/LaunchScreen.storyboard; sourceTree = "<group>"; };
		359371BE2AF4EE4100124E5D /* Info.plist */ = {isa = PBXFileReference; lastKnownFileType = text.plist.xml; path = Info.plist; sourceTree = "<group>"; };
		359371C32AF4EE4100124E5D /* MILLIONZ_cloneCodingTests.xctest */ = {isa = PBXFileReference; explicitFileType = wrapper.cfbundle; includeInIndex = 0; path = MILLIONZ_cloneCodingTests.xctest; sourceTree = BUILT_PRODUCTS_DIR; };
		359371C72AF4EE4100124E5D /* MILLIONZ_cloneCodingTests.swift */ = {isa = PBXFileReference; lastKnownFileType = sourcecode.swift; path = MILLIONZ_cloneCodingTests.swift; sourceTree = "<group>"; };
		359371CD2AF4EE4100124E5D /* MILLIONZ_cloneCodingUITests.xctest */ = {isa = PBXFileReference; explicitFileType = wrapper.cfbundle; includeInIndex = 0; path = MILLIONZ_cloneCodingUITests.xctest; sourceTree = BUILT_PRODUCTS_DIR; };
		359371D12AF4EE4100124E5D /* MILLIONZ_cloneCodingUITests.swift */ = {isa = PBXFileReference; lastKnownFileType = sourcecode.swift; path = MILLIONZ_cloneCodingUITests.swift; sourceTree = "<group>"; };
		359371D32AF4EE4100124E5D /* MILLIONZ_cloneCodingUITestsLaunchTests.swift */ = {isa = PBXFileReference; lastKnownFileType = sourcecode.swift; path = MILLIONZ_cloneCodingUITestsLaunchTests.swift; sourceTree = "<group>"; };
		359371EC2AF5305C00124E5D /* SpoqaHanSansNeo-Bold.otf */ = {isa = PBXFileReference; lastKnownFileType = file; path = "SpoqaHanSansNeo-Bold.otf"; sourceTree = "<group>"; };
		359371ED2AF5305C00124E5D /* SpoqaHanSansNeo-Regular.otf */ = {isa = PBXFileReference; lastKnownFileType = file; path = "SpoqaHanSansNeo-Regular.otf"; sourceTree = "<group>"; };
		359371EE2AF5305C00124E5D /* SpoqaHanSansNeo-Medium.otf */ = {isa = PBXFileReference; lastKnownFileType = file; path = "SpoqaHanSansNeo-Medium.otf"; sourceTree = "<group>"; };
		35DC44822AFB268600C6623D /* UIViewController+Alert.swift */ = {isa = PBXFileReference; lastKnownFileType = sourcecode.swift; path = "UIViewController+Alert.swift"; sourceTree = "<group>"; };
/* End PBXFileReference section */

/* Begin PBXFrameworksBuildPhase section */
		359371AA2AF4EE4000124E5D /* Frameworks */ = {
			isa = PBXFrameworksBuildPhase;
			buildActionMask = 2147483647;
			files = (
				3523A7152AF7CF010019FC7C /* RxSwift in Frameworks */,
				3523A7132AF7CF010019FC7C /* RxCocoa in Frameworks */,
				358CAEBE2AF5572300C070FB /* SnapKit in Frameworks */,
			);
			runOnlyForDeploymentPostprocessing = 0;
		};
		359371C02AF4EE4100124E5D /* Frameworks */ = {
			isa = PBXFrameworksBuildPhase;
			buildActionMask = 2147483647;
			files = (
			);
			runOnlyForDeploymentPostprocessing = 0;
		};
		359371CA2AF4EE4100124E5D /* Frameworks */ = {
			isa = PBXFrameworksBuildPhase;
			buildActionMask = 2147483647;
			files = (
			);
			runOnlyForDeploymentPostprocessing = 0;
		};
/* End PBXFrameworksBuildPhase section */

/* Begin PBXGroup section */
		352733FC2AF783B800ABEB05 /* Extensions */ = {
			isa = PBXGroup;
			children = (
				352733FD2AF7845900ABEB05 /* UIView+XibLoading.swift */,
				352734052AF7A0BC00ABEB05 /* UIColor+CustomColors.swift */,
				3523A70C2AF7C3CA0019FC7C /* UITextField+ClearButton.swift */,
				358CB0FF2AF921C00087832B /* UIImageView+AsyncLoad.swift */,
				35DC44822AFB268600C6623D /* UIViewController+Alert.swift */,
			);
			path = Extensions;
			sourceTree = "<group>";
		};
		352734012AF7952100ABEB05 /* CustomView */ = {
			isa = PBXGroup;
			children = (
				352733FF2AF7938B00ABEB05 /* TextInputBar.xib */,
				352734032AF7954300ABEB05 /* TextInputBar.swift */,
			);
			path = CustomView;
			sourceTree = "<group>";
		};
		352734022AF7952E00ABEB05 /* CustomView */ = {
			isa = PBXGroup;
			children = (
				358CAEBA2AF5557E00C070FB /* PreviousSNSTypeAlertView.xib */,
				358CB0E02AF88AC00087832B /* PreviousSNSTypeAlertView.swift */,
			);
			path = CustomView;
			sourceTree = "<group>";
		};
		358CAEBF2AF75D7E00C070FB /* NicknameInput */ = {
			isa = PBXGroup;
			children = (
				358CAEC02AF75D8800C070FB /* View */,
			);
			path = NicknameInput;
			sourceTree = "<group>";
		};
		358CAEC02AF75D8800C070FB /* View */ = {
			isa = PBXGroup;
			children = (
				352734012AF7952100ABEB05 /* CustomView */,
				358CAEC12AF75DA000C070FB /* NicknameInputViewController.swift */,
			);
			path = View;
			sourceTree = "<group>";
		};
		358CAEC52AF7710E00C070FB /* Common */ = {
			isa = PBXGroup;
			children = (
				358CB0ED2AF8E9540087832B /* Model */,
				358CB0EE2AF8E95B0087832B /* Service */,
				358CB0E92AF8CE300087832B /* Util */,
				358CB0E22AF8AC6B0087832B /* ViewModel */,
				352733FC2AF783B800ABEB05 /* Extensions */,
				358CAEC62AF7711D00C070FB /* CustomView */,
			);
			path = Common;
			sourceTree = "<group>";
		};
		358CAEC62AF7711D00C070FB /* CustomView */ = {
			isa = PBXGroup;
			children = (
				358CAEC92AF774B600C070FB /* ActionBottomButton.swift */,
				358CAEC72AF7718B00C070FB /* ActionBottomButton.xib */,
				358CB1172AFA8AB20087832B /* ActionButton.swift */,
			);
			path = CustomView;
			sourceTree = "<group>";
		};
		358CB0E22AF8AC6B0087832B /* ViewModel */ = {
			isa = PBXGroup;
			children = (
				358CB0E32AF8ACB00087832B /* SharedRegistrationViewModel.swift */,
			);
			path = ViewModel;
			sourceTree = "<group>";
		};
		358CB0E52AF8C9700087832B /* CharacterSelection */ = {
			isa = PBXGroup;
			children = (
				358CB0E62AF8C9AF0087832B /* View */,
			);
			path = CharacterSelection;
			sourceTree = "<group>";
		};
		358CB0E62AF8C9AF0087832B /* View */ = {
			isa = PBXGroup;
			children = (
				358CB0FA2AF8F73E0087832B /* CustomView */,
				358CB0F52AF8F37A0087832B /* Cells */,
				358CB0E72AF8C9DB0087832B /* CharacterSelectionViewController.swift */,
			);
			path = View;
			sourceTree = "<group>";
		};
		358CB0E92AF8CE300087832B /* Util */ = {
			isa = PBXGroup;
			children = (
				358CB0EA2AF8CE9F0087832B /* SegueIdentifier.swift */,
				358CB1152AFA7F720087832B /* UserDefaultsKeys.swift */,
				358CB1192AFA91BD0087832B /* ImageNames.swift */,
				358CB11B2AFA925D0087832B /* FontNames.swift */,
				358CB11D2AFAA4C70087832B /* ImageCacheManager.swift */,
			);
			path = Util;
			sourceTree = "<group>";
		};
		358CB0ED2AF8E9540087832B /* Model */ = {
			isa = PBXGroup;
			children = (
				358CB0EF2AF8E9790087832B /* Character.swift */,
				358CB1132AFA58CB0087832B /* SnsType.swift */,
				358CB11F2AFABF790087832B /* RegistrationInfo.swift */,
			);
			path = Model;
			sourceTree = "<group>";
		};
		358CB0EE2AF8E95B0087832B /* Service */ = {
			isa = PBXGroup;
			children = (
				358CB0F12AF8E99F0087832B /* RegistrationService.swift */,
			);
			path = Service;
			sourceTree = "<group>";
		};
		358CB0F52AF8F37A0087832B /* Cells */ = {
			isa = PBXGroup;
			children = (
				358CB0F62AF8F4100087832B /* CharacterSelectionCell.swift */,
				358CB0F72AF8F4100087832B /* CharacterSelectionCell.xib */,
				358CB1012AF93B8B0087832B /* CenteredFlowLayout.swift */,
			);
			path = Cells;
			sourceTree = "<group>";
		};
		358CB0FA2AF8F73E0087832B /* CustomView */ = {
			isa = PBXGroup;
			children = (
				358CB0FD2AF8FB680087832B /* BottomTailPICKBubbleView.swift */,
				358CB0FB2AF8F7550087832B /* BottomTailPICKBubbleView.xib */,
			);
			path = CustomView;
			sourceTree = "<group>";
		};
		358CB1052AFA253F0087832B /* configurations */ = {
			isa = PBXGroup;
			children = (
				358CB1062AFA257C0087832B /* Config.xcconfig */,
			);
			path = configurations;
			sourceTree = "<group>";
		};
		358CB1092AFA38DE0087832B /* RegistrationComplete */ = {
			isa = PBXGroup;
			children = (
				358CB10A2AFA38F60087832B /* view */,
			);
			path = RegistrationComplete;
			sourceTree = "<group>";
		};
		358CB10A2AFA38F60087832B /* view */ = {
			isa = PBXGroup;
			children = (
				358CB10D2AFA431C0087832B /* CustomView */,
				358CB10B2AFA39290087832B /* RegistrationCompleteViewController.swift */,
			);
			path = view;
			sourceTree = "<group>";
		};
		358CB10D2AFA431C0087832B /* CustomView */ = {
			isa = PBXGroup;
			children = (
				358CB1102AFA46440087832B /* UserProfileCard.swift */,
				358CB10E2AFA43EE0087832B /* UserProfileCard.xib */,
			);
			path = CustomView;
			sourceTree = "<group>";
		};
		358CB1122AFA54290087832B /* RegistrationScene */ = {
			isa = PBXGroup;
			children = (
				358CAEC52AF7710E00C070FB /* Common */,
				358CB1092AFA38DE0087832B /* RegistrationComplete */,
				358CB0E52AF8C9700087832B /* CharacterSelection */,
				358CAEBF2AF75D7E00C070FB /* NicknameInput */,
				359371E02AF524D600124E5D /* SNSLogin */,
			);
			path = RegistrationScene;
			sourceTree = "<group>";
		};
		359371A42AF4EE4000124E5D = {
			isa = PBXGroup;
			children = (
				358CB1052AFA253F0087832B /* configurations */,
				359371AF2AF4EE4000124E5D /* MILLIONZ_cloneCoding */,
				359371B02AF4EE4000124E5D /* AppDelegate.swift */,
				359371B22AF4EE4000124E5D /* SceneDelegate.swift */,
				358CB1072AFA26250087832B /* Environment.swift */,
				359371B62AF4EE4000124E5D /* Main.storyboard */,
				359371C62AF4EE4100124E5D /* MILLIONZ_cloneCodingTests */,
				359371D02AF4EE4100124E5D /* MILLIONZ_cloneCodingUITests */,
				359371AE2AF4EE4000124E5D /* Products */,
			);
			sourceTree = "<group>";
		};
		359371AE2AF4EE4000124E5D /* Products */ = {
			isa = PBXGroup;
			children = (
				359371AD2AF4EE4000124E5D /* MILLIONZ_cloneCoding.app */,
				359371C32AF4EE4100124E5D /* MILLIONZ_cloneCodingTests.xctest */,
				359371CD2AF4EE4100124E5D /* MILLIONZ_cloneCodingUITests.xctest */,
			);
			name = Products;
			sourceTree = "<group>";
		};
		359371AF2AF4EE4000124E5D /* MILLIONZ_cloneCoding */ = {
			isa = PBXGroup;
			children = (
				358CB1122AFA54290087832B /* RegistrationScene */,
				359371E92AF52FFB00124E5D /* Resources */,
			);
			path = MILLIONZ_cloneCoding;
			sourceTree = "<group>";
		};
		359371C62AF4EE4100124E5D /* MILLIONZ_cloneCodingTests */ = {
			isa = PBXGroup;
			children = (
				359371C72AF4EE4100124E5D /* MILLIONZ_cloneCodingTests.swift */,
			);
			path = MILLIONZ_cloneCodingTests;
			sourceTree = "<group>";
		};
		359371D02AF4EE4100124E5D /* MILLIONZ_cloneCodingUITests */ = {
			isa = PBXGroup;
			children = (
				359371D12AF4EE4100124E5D /* MILLIONZ_cloneCodingUITests.swift */,
				359371D32AF4EE4100124E5D /* MILLIONZ_cloneCodingUITestsLaunchTests.swift */,
			);
			path = MILLIONZ_cloneCodingUITests;
			sourceTree = "<group>";
		};
		359371E02AF524D600124E5D /* SNSLogin */ = {
			isa = PBXGroup;
			children = (
				359371E22AF5259000124E5D /* View */,
			);
			path = SNSLogin;
			sourceTree = "<group>";
		};
		359371E22AF5259000124E5D /* View */ = {
			isa = PBXGroup;
			children = (
				352734022AF7952E00ABEB05 /* CustomView */,
				359371B42AF4EE4000124E5D /* SNSLoginViewController.swift */,
			);
			path = View;
			sourceTree = "<group>";
		};
		359371E92AF52FFB00124E5D /* Resources */ = {
			isa = PBXGroup;
			children = (
				359371EA2AF5301B00124E5D /* Font */,
				359371B92AF4EE4100124E5D /* Assets.xcassets */,
				359371BB2AF4EE4100124E5D /* LaunchScreen.storyboard */,
				359371BE2AF4EE4100124E5D /* Info.plist */,
			);
			path = Resources;
			sourceTree = "<group>";
		};
		359371EA2AF5301B00124E5D /* Font */ = {
			isa = PBXGroup;
			children = (
				359371EB2AF5305000124E5D /* SpoqaHanSansNeo */,
			);
			path = Font;
			sourceTree = "<group>";
		};
		359371EB2AF5305000124E5D /* SpoqaHanSansNeo */ = {
			isa = PBXGroup;
			children = (
				359371EC2AF5305C00124E5D /* SpoqaHanSansNeo-Bold.otf */,
				359371EE2AF5305C00124E5D /* SpoqaHanSansNeo-Medium.otf */,
				359371ED2AF5305C00124E5D /* SpoqaHanSansNeo-Regular.otf */,
			);
			path = SpoqaHanSansNeo;
			sourceTree = "<group>";
		};
/* End PBXGroup section */

/* Begin PBXNativeTarget section */
		359371AC2AF4EE4000124E5D /* MILLIONZ_cloneCoding */ = {
			isa = PBXNativeTarget;
			buildConfigurationList = 359371D72AF4EE4100124E5D /* Build configuration list for PBXNativeTarget "MILLIONZ_cloneCoding" */;
			buildPhases = (
				359371A92AF4EE4000124E5D /* Sources */,
				359371AA2AF4EE4000124E5D /* Frameworks */,
				359371AB2AF4EE4000124E5D /* Resources */,
			);
			buildRules = (
			);
			dependencies = (
			);
			name = MILLIONZ_cloneCoding;
			packageProductDependencies = (
				358CAEBD2AF5572300C070FB /* SnapKit */,
				3523A7122AF7CF010019FC7C /* RxCocoa */,
				3523A7142AF7CF010019FC7C /* RxSwift */,
			);
			productName = MILLIONZ_cloneCoding;
			productReference = 359371AD2AF4EE4000124E5D /* MILLIONZ_cloneCoding.app */;
			productType = "com.apple.product-type.application";
		};
		359371C22AF4EE4100124E5D /* MILLIONZ_cloneCodingTests */ = {
			isa = PBXNativeTarget;
			buildConfigurationList = 359371DA2AF4EE4100124E5D /* Build configuration list for PBXNativeTarget "MILLIONZ_cloneCodingTests" */;
			buildPhases = (
				359371BF2AF4EE4100124E5D /* Sources */,
				359371C02AF4EE4100124E5D /* Frameworks */,
				359371C12AF4EE4100124E5D /* Resources */,
			);
			buildRules = (
			);
			dependencies = (
				359371C52AF4EE4100124E5D /* PBXTargetDependency */,
			);
			name = MILLIONZ_cloneCodingTests;
			productName = MILLIONZ_cloneCodingTests;
			productReference = 359371C32AF4EE4100124E5D /* MILLIONZ_cloneCodingTests.xctest */;
			productType = "com.apple.product-type.bundle.unit-test";
		};
		359371CC2AF4EE4100124E5D /* MILLIONZ_cloneCodingUITests */ = {
			isa = PBXNativeTarget;
			buildConfigurationList = 359371DD2AF4EE4100124E5D /* Build configuration list for PBXNativeTarget "MILLIONZ_cloneCodingUITests" */;
			buildPhases = (
				359371C92AF4EE4100124E5D /* Sources */,
				359371CA2AF4EE4100124E5D /* Frameworks */,
				359371CB2AF4EE4100124E5D /* Resources */,
			);
			buildRules = (
			);
			dependencies = (
				359371CF2AF4EE4100124E5D /* PBXTargetDependency */,
			);
			name = MILLIONZ_cloneCodingUITests;
			productName = MILLIONZ_cloneCodingUITests;
			productReference = 359371CD2AF4EE4100124E5D /* MILLIONZ_cloneCodingUITests.xctest */;
			productType = "com.apple.product-type.bundle.ui-testing";
		};
/* End PBXNativeTarget section */

/* Begin PBXProject section */
		359371A52AF4EE4000124E5D /* Project object */ = {
			isa = PBXProject;
			attributes = {
				BuildIndependentTargetsInParallel = 1;
				LastSwiftUpdateCheck = 1500;
				LastUpgradeCheck = 1500;
				TargetAttributes = {
					359371AC2AF4EE4000124E5D = {
						CreatedOnToolsVersion = 15.0;
					};
					359371C22AF4EE4100124E5D = {
						CreatedOnToolsVersion = 15.0;
						TestTargetID = 359371AC2AF4EE4000124E5D;
					};
					359371CC2AF4EE4100124E5D = {
						CreatedOnToolsVersion = 15.0;
						TestTargetID = 359371AC2AF4EE4000124E5D;
					};
				};
			};
			buildConfigurationList = 359371A82AF4EE4000124E5D /* Build configuration list for PBXProject "MILLIONZ_cloneCoding" */;
			compatibilityVersion = "Xcode 14.0";
			developmentRegion = en;
			hasScannedForEncodings = 0;
			knownRegions = (
				en,
				Base,
			);
			mainGroup = 359371A42AF4EE4000124E5D;
			packageReferences = (
				358CAEBC2AF5572300C070FB /* XCRemoteSwiftPackageReference "SnapKit" */,
				3523A7112AF7CF010019FC7C /* XCRemoteSwiftPackageReference "RxSwift" */,
			);
			productRefGroup = 359371AE2AF4EE4000124E5D /* Products */;
			projectDirPath = "";
			projectRoot = "";
			targets = (
				359371AC2AF4EE4000124E5D /* MILLIONZ_cloneCoding */,
				359371C22AF4EE4100124E5D /* MILLIONZ_cloneCodingTests */,
				359371CC2AF4EE4100124E5D /* MILLIONZ_cloneCodingUITests */,
			);
		};
/* End PBXProject section */

/* Begin PBXResourcesBuildPhase section */
		359371AB2AF4EE4000124E5D /* Resources */ = {
			isa = PBXResourcesBuildPhase;
			buildActionMask = 2147483647;
			files = (
				358CAEBB2AF5557E00C070FB /* PreviousSNSTypeAlertView.xib in Resources */,
				359371BD2AF4EE4100124E5D /* LaunchScreen.storyboard in Resources */,
				359371F02AF5305C00124E5D /* SpoqaHanSansNeo-Regular.otf in Resources */,
				358CB0FC2AF8F7550087832B /* BottomTailPICKBubbleView.xib in Resources */,
				359371F12AF5305C00124E5D /* SpoqaHanSansNeo-Medium.otf in Resources */,
				358CB0F92AF8F4100087832B /* CharacterSelectionCell.xib in Resources */,
				359371EF2AF5305C00124E5D /* SpoqaHanSansNeo-Bold.otf in Resources */,
				352734002AF7938B00ABEB05 /* TextInputBar.xib in Resources */,
				359371BA2AF4EE4100124E5D /* Assets.xcassets in Resources */,
				358CAEC82AF7718B00C070FB /* ActionBottomButton.xib in Resources */,
				358CB10F2AFA43EE0087832B /* UserProfileCard.xib in Resources */,
				359371B82AF4EE4000124E5D /* Main.storyboard in Resources */,
			);
			runOnlyForDeploymentPostprocessing = 0;
		};
		359371C12AF4EE4100124E5D /* Resources */ = {
			isa = PBXResourcesBuildPhase;
			buildActionMask = 2147483647;
			files = (
			);
			runOnlyForDeploymentPostprocessing = 0;
		};
		359371CB2AF4EE4100124E5D /* Resources */ = {
			isa = PBXResourcesBuildPhase;
			buildActionMask = 2147483647;
			files = (
			);
			runOnlyForDeploymentPostprocessing = 0;
		};
/* End PBXResourcesBuildPhase section */

/* Begin PBXSourcesBuildPhase section */
		359371A92AF4EE4000124E5D /* Sources */ = {
			isa = PBXSourcesBuildPhase;
			buildActionMask = 2147483647;
			files = (
				358CAECA2AF774B600C070FB /* ActionBottomButton.swift in Sources */,
				358CB10C2AFA39290087832B /* RegistrationCompleteViewController.swift in Sources */,
				358CB1162AFA7F720087832B /* UserDefaultsKeys.swift in Sources */,
				359371B52AF4EE4000124E5D /* SNSLoginViewController.swift in Sources */,
				352734062AF7A0BC00ABEB05 /* UIColor+CustomColors.swift in Sources */,
				358CB11C2AFA925D0087832B /* FontNames.swift in Sources */,
				358CB1142AFA58CB0087832B /* SnsType.swift in Sources */,
				358CB1202AFABF790087832B /* RegistrationInfo.swift in Sources */,
				359371B12AF4EE4000124E5D /* AppDelegate.swift in Sources */,
				358CB11E2AFAA4C70087832B /* ImageCacheManager.swift in Sources */,
				352733FE2AF7845900ABEB05 /* UIView+XibLoading.swift in Sources */,
				358CB0FE2AF8FB680087832B /* BottomTailPICKBubbleView.swift in Sources */,
				358CB1082AFA26250087832B /* Environment.swift in Sources */,
				358CB0E42AF8ACB00087832B /* SharedRegistrationViewModel.swift in Sources */,
				3523A70D2AF7C3CA0019FC7C /* UITextField+ClearButton.swift in Sources */,
				35DC44832AFB268600C6623D /* UIViewController+Alert.swift in Sources */,
				359371B32AF4EE4000124E5D /* SceneDelegate.swift in Sources */,
				358CB1182AFA8AB20087832B /* ActionButton.swift in Sources */,
				358CAEC22AF75DA000C070FB /* NicknameInputViewController.swift in Sources */,
				358CB0EB2AF8CE9F0087832B /* SegueIdentifier.swift in Sources */,
				352734042AF7954300ABEB05 /* TextInputBar.swift in Sources */,
				358CB0F02AF8E9790087832B /* Character.swift in Sources */,
				358CB0E82AF8C9DB0087832B /* CharacterSelectionViewController.swift in Sources */,
				358CB1002AF921C00087832B /* UIImageView+AsyncLoad.swift in Sources */,
				358CB1112AFA46440087832B /* UserProfileCard.swift in Sources */,
				358CB1022AF93B8B0087832B /* CenteredFlowLayout.swift in Sources */,
				358CB0E12AF88AC00087832B /* PreviousSNSTypeAlertView.swift in Sources */,
				358CB0F82AF8F4100087832B /* CharacterSelectionCell.swift in Sources */,
				358CB0F22AF8E99F0087832B /* RegistrationService.swift in Sources */,
				358CB11A2AFA91BD0087832B /* ImageNames.swift in Sources */,
			);
			runOnlyForDeploymentPostprocessing = 0;
		};
		359371BF2AF4EE4100124E5D /* Sources */ = {
			isa = PBXSourcesBuildPhase;
			buildActionMask = 2147483647;
			files = (
				359371C82AF4EE4100124E5D /* MILLIONZ_cloneCodingTests.swift in Sources */,
			);
			runOnlyForDeploymentPostprocessing = 0;
		};
		359371C92AF4EE4100124E5D /* Sources */ = {
			isa = PBXSourcesBuildPhase;
			buildActionMask = 2147483647;
			files = (
				359371D42AF4EE4100124E5D /* MILLIONZ_cloneCodingUITestsLaunchTests.swift in Sources */,
				359371D22AF4EE4100124E5D /* MILLIONZ_cloneCodingUITests.swift in Sources */,
			);
			runOnlyForDeploymentPostprocessing = 0;
		};
/* End PBXSourcesBuildPhase section */

/* Begin PBXTargetDependency section */
		359371C52AF4EE4100124E5D /* PBXTargetDependency */ = {
			isa = PBXTargetDependency;
			target = 359371AC2AF4EE4000124E5D /* MILLIONZ_cloneCoding */;
			targetProxy = 359371C42AF4EE4100124E5D /* PBXContainerItemProxy */;
		};
		359371CF2AF4EE4100124E5D /* PBXTargetDependency */ = {
			isa = PBXTargetDependency;
			target = 359371AC2AF4EE4000124E5D /* MILLIONZ_cloneCoding */;
			targetProxy = 359371CE2AF4EE4100124E5D /* PBXContainerItemProxy */;
		};
/* End PBXTargetDependency section */

/* Begin PBXVariantGroup section */
		359371B62AF4EE4000124E5D /* Main.storyboard */ = {
			isa = PBXVariantGroup;
			children = (
				359371B72AF4EE4000124E5D /* Base */,
			);
			name = Main.storyboard;
			sourceTree = "<group>";
		};
		359371BB2AF4EE4100124E5D /* LaunchScreen.storyboard */ = {
			isa = PBXVariantGroup;
			children = (
				359371BC2AF4EE4100124E5D /* Base */,
			);
			name = LaunchScreen.storyboard;
			sourceTree = "<group>";
		};
/* End PBXVariantGroup section */

/* Begin XCBuildConfiguration section */
		359371D52AF4EE4100124E5D /* Debug */ = {
			isa = XCBuildConfiguration;
			baseConfigurationReference = 358CB1062AFA257C0087832B /* Config.xcconfig */;
			buildSettings = {
				ALWAYS_SEARCH_USER_PATHS = NO;
				ASSETCATALOG_COMPILER_GENERATE_SWIFT_ASSET_SYMBOL_EXTENSIONS = YES;
				CLANG_ANALYZER_NONNULL = YES;
				CLANG_ANALYZER_NUMBER_OBJECT_CONVERSION = YES_AGGRESSIVE;
				CLANG_CXX_LANGUAGE_STANDARD = "gnu++20";
				CLANG_ENABLE_MODULES = YES;
				CLANG_ENABLE_OBJC_ARC = YES;
				CLANG_ENABLE_OBJC_WEAK = YES;
				CLANG_WARN_BLOCK_CAPTURE_AUTORELEASING = YES;
				CLANG_WARN_BOOL_CONVERSION = YES;
				CLANG_WARN_COMMA = YES;
				CLANG_WARN_CONSTANT_CONVERSION = YES;
				CLANG_WARN_DEPRECATED_OBJC_IMPLEMENTATIONS = YES;
				CLANG_WARN_DIRECT_OBJC_ISA_USAGE = YES_ERROR;
				CLANG_WARN_DOCUMENTATION_COMMENTS = YES;
				CLANG_WARN_EMPTY_BODY = YES;
				CLANG_WARN_ENUM_CONVERSION = YES;
				CLANG_WARN_INFINITE_RECURSION = YES;
				CLANG_WARN_INT_CONVERSION = YES;
				CLANG_WARN_NON_LITERAL_NULL_CONVERSION = YES;
				CLANG_WARN_OBJC_IMPLICIT_RETAIN_SELF = YES;
				CLANG_WARN_OBJC_LITERAL_CONVERSION = YES;
				CLANG_WARN_OBJC_ROOT_CLASS = YES_ERROR;
				CLANG_WARN_QUOTED_INCLUDE_IN_FRAMEWORK_HEADER = YES;
				CLANG_WARN_RANGE_LOOP_ANALYSIS = YES;
				CLANG_WARN_STRICT_PROTOTYPES = YES;
				CLANG_WARN_SUSPICIOUS_MOVE = YES;
				CLANG_WARN_UNGUARDED_AVAILABILITY = YES_AGGRESSIVE;
				CLANG_WARN_UNREACHABLE_CODE = YES;
				CLANG_WARN__DUPLICATE_METHOD_MATCH = YES;
				COPY_PHASE_STRIP = NO;
				DEBUG_INFORMATION_FORMAT = dwarf;
				ENABLE_STRICT_OBJC_MSGSEND = YES;
				ENABLE_TESTABILITY = YES;
				ENABLE_USER_SCRIPT_SANDBOXING = YES;
				GCC_C_LANGUAGE_STANDARD = gnu17;
				GCC_DYNAMIC_NO_PIC = NO;
				GCC_NO_COMMON_BLOCKS = YES;
				GCC_OPTIMIZATION_LEVEL = 0;
				GCC_PREPROCESSOR_DEFINITIONS = (
					"DEBUG=1",
					"$(inherited)",
				);
				GCC_WARN_64_TO_32_BIT_CONVERSION = YES;
				GCC_WARN_ABOUT_RETURN_TYPE = YES_ERROR;
				GCC_WARN_UNDECLARED_SELECTOR = YES;
				GCC_WARN_UNINITIALIZED_AUTOS = YES_AGGRESSIVE;
				GCC_WARN_UNUSED_FUNCTION = YES;
				GCC_WARN_UNUSED_VARIABLE = YES;
				IPHONEOS_DEPLOYMENT_TARGET = 15.0;
				LOCALIZATION_PREFERS_STRING_CATALOGS = YES;
				MTL_ENABLE_DEBUG_INFO = INCLUDE_SOURCE;
				MTL_FAST_MATH = YES;
				ONLY_ACTIVE_ARCH = YES;
				SDKROOT = iphoneos;
				SWIFT_ACTIVE_COMPILATION_CONDITIONS = "DEBUG $(inherited)";
				SWIFT_OPTIMIZATION_LEVEL = "-Onone";
			};
			name = Debug;
		};
		359371D62AF4EE4100124E5D /* Release */ = {
			isa = XCBuildConfiguration;
			baseConfigurationReference = 358CB1062AFA257C0087832B /* Config.xcconfig */;
			buildSettings = {
				ALWAYS_SEARCH_USER_PATHS = NO;
				ASSETCATALOG_COMPILER_GENERATE_SWIFT_ASSET_SYMBOL_EXTENSIONS = YES;
				CLANG_ANALYZER_NONNULL = YES;
				CLANG_ANALYZER_NUMBER_OBJECT_CONVERSION = YES_AGGRESSIVE;
				CLANG_CXX_LANGUAGE_STANDARD = "gnu++20";
				CLANG_ENABLE_MODULES = YES;
				CLANG_ENABLE_OBJC_ARC = YES;
				CLANG_ENABLE_OBJC_WEAK = YES;
				CLANG_WARN_BLOCK_CAPTURE_AUTORELEASING = YES;
				CLANG_WARN_BOOL_CONVERSION = YES;
				CLANG_WARN_COMMA = YES;
				CLANG_WARN_CONSTANT_CONVERSION = YES;
				CLANG_WARN_DEPRECATED_OBJC_IMPLEMENTATIONS = YES;
				CLANG_WARN_DIRECT_OBJC_ISA_USAGE = YES_ERROR;
				CLANG_WARN_DOCUMENTATION_COMMENTS = YES;
				CLANG_WARN_EMPTY_BODY = YES;
				CLANG_WARN_ENUM_CONVERSION = YES;
				CLANG_WARN_INFINITE_RECURSION = YES;
				CLANG_WARN_INT_CONVERSION = YES;
				CLANG_WARN_NON_LITERAL_NULL_CONVERSION = YES;
				CLANG_WARN_OBJC_IMPLICIT_RETAIN_SELF = YES;
				CLANG_WARN_OBJC_LITERAL_CONVERSION = YES;
				CLANG_WARN_OBJC_ROOT_CLASS = YES_ERROR;
				CLANG_WARN_QUOTED_INCLUDE_IN_FRAMEWORK_HEADER = YES;
				CLANG_WARN_RANGE_LOOP_ANALYSIS = YES;
				CLANG_WARN_STRICT_PROTOTYPES = YES;
				CLANG_WARN_SUSPICIOUS_MOVE = YES;
				CLANG_WARN_UNGUARDED_AVAILABILITY = YES_AGGRESSIVE;
				CLANG_WARN_UNREACHABLE_CODE = YES;
				CLANG_WARN__DUPLICATE_METHOD_MATCH = YES;
				COPY_PHASE_STRIP = NO;
				DEBUG_INFORMATION_FORMAT = "dwarf-with-dsym";
				ENABLE_NS_ASSERTIONS = NO;
				ENABLE_STRICT_OBJC_MSGSEND = YES;
				ENABLE_USER_SCRIPT_SANDBOXING = YES;
				GCC_C_LANGUAGE_STANDARD = gnu17;
				GCC_NO_COMMON_BLOCKS = YES;
				GCC_WARN_64_TO_32_BIT_CONVERSION = YES;
				GCC_WARN_ABOUT_RETURN_TYPE = YES_ERROR;
				GCC_WARN_UNDECLARED_SELECTOR = YES;
				GCC_WARN_UNINITIALIZED_AUTOS = YES_AGGRESSIVE;
				GCC_WARN_UNUSED_FUNCTION = YES;
				GCC_WARN_UNUSED_VARIABLE = YES;
				IPHONEOS_DEPLOYMENT_TARGET = 15.0;
				LOCALIZATION_PREFERS_STRING_CATALOGS = YES;
				MTL_ENABLE_DEBUG_INFO = NO;
				MTL_FAST_MATH = YES;
				SDKROOT = iphoneos;
				SWIFT_COMPILATION_MODE = wholemodule;
				VALIDATE_PRODUCT = YES;
			};
			name = Release;
		};
		359371D82AF4EE4100124E5D /* Debug */ = {
			isa = XCBuildConfiguration;
			buildSettings = {
				ASSETCATALOG_COMPILER_APPICON_NAME = AppIcon;
				ASSETCATALOG_COMPILER_GLOBAL_ACCENT_COLOR_NAME = AccentColor;
				CODE_SIGN_STYLE = Automatic;
				CURRENT_PROJECT_VERSION = 1;
				DEVELOPMENT_TEAM = YNN2UAMM79;
				GENERATE_INFOPLIST_FILE = YES;
				INFOPLIST_FILE = MILLIONZ_cloneCoding/Resources/Info.plist;
				INFOPLIST_KEY_UIApplicationSupportsIndirectInputEvents = YES;
				INFOPLIST_KEY_UILaunchStoryboardName = LaunchScreen;
				INFOPLIST_KEY_UIMainStoryboardFile = Main;
				INFOPLIST_KEY_UISupportedInterfaceOrientations_iPad = "UIInterfaceOrientationPortrait UIInterfaceOrientationPortraitUpsideDown UIInterfaceOrientationLandscapeLeft UIInterfaceOrientationLandscapeRight";
				INFOPLIST_KEY_UISupportedInterfaceOrientations_iPhone = "UIInterfaceOrientationPortrait UIInterfaceOrientationLandscapeLeft UIInterfaceOrientationLandscapeRight";
				IPHONEOS_DEPLOYMENT_TARGET = 15.0;
				LD_RUNPATH_SEARCH_PATHS = (
					"$(inherited)",
					"@executable_path/Frameworks",
				);
				MARKETING_VERSION = 1.0;
				PRODUCT_BUNDLE_IDENTIFIER = "chounghui.MILLIONZ-cloneCoding";
				PRODUCT_NAME = "$(TARGET_NAME)";
				SWIFT_EMIT_LOC_STRINGS = YES;
				SWIFT_VERSION = 5.0;
				TARGETED_DEVICE_FAMILY = "1,2";
			};
			name = Debug;
		};
		359371D92AF4EE4100124E5D /* Release */ = {
			isa = XCBuildConfiguration;
			buildSettings = {
				ASSETCATALOG_COMPILER_APPICON_NAME = AppIcon;
				ASSETCATALOG_COMPILER_GLOBAL_ACCENT_COLOR_NAME = AccentColor;
				CODE_SIGN_STYLE = Automatic;
				CURRENT_PROJECT_VERSION = 1;
				DEVELOPMENT_TEAM = YNN2UAMM79;
				GENERATE_INFOPLIST_FILE = YES;
				INFOPLIST_FILE = MILLIONZ_cloneCoding/Resources/Info.plist;
				INFOPLIST_KEY_UIApplicationSupportsIndirectInputEvents = YES;
				INFOPLIST_KEY_UILaunchStoryboardName = LaunchScreen;
				INFOPLIST_KEY_UIMainStoryboardFile = Main;
				INFOPLIST_KEY_UISupportedInterfaceOrientations_iPad = "UIInterfaceOrientationPortrait UIInterfaceOrientationPortraitUpsideDown UIInterfaceOrientationLandscapeLeft UIInterfaceOrientationLandscapeRight";
				INFOPLIST_KEY_UISupportedInterfaceOrientations_iPhone = "UIInterfaceOrientationPortrait UIInterfaceOrientationLandscapeLeft UIInterfaceOrientationLandscapeRight";
				IPHONEOS_DEPLOYMENT_TARGET = 15.0;
				LD_RUNPATH_SEARCH_PATHS = (
					"$(inherited)",
					"@executable_path/Frameworks",
				);
				MARKETING_VERSION = 1.0;
				PRODUCT_BUNDLE_IDENTIFIER = "chounghui.MILLIONZ-cloneCoding";
				PRODUCT_NAME = "$(TARGET_NAME)";
				SWIFT_EMIT_LOC_STRINGS = YES;
				SWIFT_VERSION = 5.0;
				TARGETED_DEVICE_FAMILY = "1,2";
			};
			name = Release;
		};
		359371DB2AF4EE4100124E5D /* Debug */ = {
			isa = XCBuildConfiguration;
			buildSettings = {
				ALWAYS_EMBED_SWIFT_STANDARD_LIBRARIES = YES;
				BUNDLE_LOADER = "$(TEST_HOST)";
				CODE_SIGN_STYLE = Automatic;
				CURRENT_PROJECT_VERSION = 1;
				DEVELOPMENT_TEAM = YNN2UAMM79;
				GENERATE_INFOPLIST_FILE = YES;
				IPHONEOS_DEPLOYMENT_TARGET = 15.0;
				MARKETING_VERSION = 1.0;
				PRODUCT_BUNDLE_IDENTIFIER = "chounghui.MILLIONZ-cloneCodingTests";
				PRODUCT_NAME = "$(TARGET_NAME)";
				SWIFT_EMIT_LOC_STRINGS = NO;
				SWIFT_VERSION = 5.0;
				TARGETED_DEVICE_FAMILY = "1,2";
				TEST_HOST = "$(BUILT_PRODUCTS_DIR)/MILLIONZ_cloneCoding.app/$(BUNDLE_EXECUTABLE_FOLDER_PATH)/MILLIONZ_cloneCoding";
			};
			name = Debug;
		};
		359371DC2AF4EE4100124E5D /* Release */ = {
			isa = XCBuildConfiguration;
			buildSettings = {
				ALWAYS_EMBED_SWIFT_STANDARD_LIBRARIES = YES;
				BUNDLE_LOADER = "$(TEST_HOST)";
				CODE_SIGN_STYLE = Automatic;
				CURRENT_PROJECT_VERSION = 1;
				DEVELOPMENT_TEAM = YNN2UAMM79;
				GENERATE_INFOPLIST_FILE = YES;
				IPHONEOS_DEPLOYMENT_TARGET = 15.0;
				MARKETING_VERSION = 1.0;
				PRODUCT_BUNDLE_IDENTIFIER = "chounghui.MILLIONZ-cloneCodingTests";
				PRODUCT_NAME = "$(TARGET_NAME)";
				SWIFT_EMIT_LOC_STRINGS = NO;
				SWIFT_VERSION = 5.0;
				TARGETED_DEVICE_FAMILY = "1,2";
				TEST_HOST = "$(BUILT_PRODUCTS_DIR)/MILLIONZ_cloneCoding.app/$(BUNDLE_EXECUTABLE_FOLDER_PATH)/MILLIONZ_cloneCoding";
			};
			name = Release;
		};
		359371DE2AF4EE4100124E5D /* Debug */ = {
			isa = XCBuildConfiguration;
			buildSettings = {
				ALWAYS_EMBED_SWIFT_STANDARD_LIBRARIES = YES;
				CODE_SIGN_STYLE = Automatic;
				CURRENT_PROJECT_VERSION = 1;
				DEVELOPMENT_TEAM = YNN2UAMM79;
				GENERATE_INFOPLIST_FILE = YES;
				MARKETING_VERSION = 1.0;
				PRODUCT_BUNDLE_IDENTIFIER = "chounghui.MILLIONZ-cloneCodingUITests";
				PRODUCT_NAME = "$(TARGET_NAME)";
				SWIFT_EMIT_LOC_STRINGS = NO;
				SWIFT_VERSION = 5.0;
				TARGETED_DEVICE_FAMILY = "1,2";
				TEST_TARGET_NAME = MILLIONZ_cloneCoding;
			};
			name = Debug;
		};
		359371DF2AF4EE4100124E5D /* Release */ = {
			isa = XCBuildConfiguration;
			buildSettings = {
				ALWAYS_EMBED_SWIFT_STANDARD_LIBRARIES = YES;
				CODE_SIGN_STYLE = Automatic;
				CURRENT_PROJECT_VERSION = 1;
				DEVELOPMENT_TEAM = YNN2UAMM79;
				GENERATE_INFOPLIST_FILE = YES;
				MARKETING_VERSION = 1.0;
				PRODUCT_BUNDLE_IDENTIFIER = "chounghui.MILLIONZ-cloneCodingUITests";
				PRODUCT_NAME = "$(TARGET_NAME)";
				SWIFT_EMIT_LOC_STRINGS = NO;
				SWIFT_VERSION = 5.0;
				TARGETED_DEVICE_FAMILY = "1,2";
				TEST_TARGET_NAME = MILLIONZ_cloneCoding;
			};
			name = Release;
		};
/* End XCBuildConfiguration section */

/* Begin XCConfigurationList section */
		359371A82AF4EE4000124E5D /* Build configuration list for PBXProject "MILLIONZ_cloneCoding" */ = {
			isa = XCConfigurationList;
			buildConfigurations = (
				359371D52AF4EE4100124E5D /* Debug */,
				359371D62AF4EE4100124E5D /* Release */,
			);
			defaultConfigurationIsVisible = 0;
			defaultConfigurationName = Release;
		};
		359371D72AF4EE4100124E5D /* Build configuration list for PBXNativeTarget "MILLIONZ_cloneCoding" */ = {
			isa = XCConfigurationList;
			buildConfigurations = (
				359371D82AF4EE4100124E5D /* Debug */,
				359371D92AF4EE4100124E5D /* Release */,
			);
			defaultConfigurationIsVisible = 0;
			defaultConfigurationName = Release;
		};
		359371DA2AF4EE4100124E5D /* Build configuration list for PBXNativeTarget "MILLIONZ_cloneCodingTests" */ = {
			isa = XCConfigurationList;
			buildConfigurations = (
				359371DB2AF4EE4100124E5D /* Debug */,
				359371DC2AF4EE4100124E5D /* Release */,
			);
			defaultConfigurationIsVisible = 0;
			defaultConfigurationName = Release;
		};
		359371DD2AF4EE4100124E5D /* Build configuration list for PBXNativeTarget "MILLIONZ_cloneCodingUITests" */ = {
			isa = XCConfigurationList;
			buildConfigurations = (
				359371DE2AF4EE4100124E5D /* Debug */,
				359371DF2AF4EE4100124E5D /* Release */,
			);
			defaultConfigurationIsVisible = 0;
			defaultConfigurationName = Release;
		};
/* End XCConfigurationList section */

/* Begin XCRemoteSwiftPackageReference section */
		3523A7112AF7CF010019FC7C /* XCRemoteSwiftPackageReference "RxSwift" */ = {
			isa = XCRemoteSwiftPackageReference;
			repositoryURL = "https://github.com/ReactiveX/RxSwift.git";
			requirement = {
				kind = upToNextMajorVersion;
				minimumVersion = 6.6.0;
			};
		};
		358CAEBC2AF5572300C070FB /* XCRemoteSwiftPackageReference "SnapKit" */ = {
			isa = XCRemoteSwiftPackageReference;
			repositoryURL = "https://github.com/SnapKit/SnapKit.git";
			requirement = {
				kind = upToNextMajorVersion;
				minimumVersion = 5.6.0;
			};
		};
/* End XCRemoteSwiftPackageReference section */

/* Begin XCSwiftPackageProductDependency section */
		3523A7122AF7CF010019FC7C /* RxCocoa */ = {
			isa = XCSwiftPackageProductDependency;
			package = 3523A7112AF7CF010019FC7C /* XCRemoteSwiftPackageReference "RxSwift" */;
			productName = RxCocoa;
		};
		3523A7142AF7CF010019FC7C /* RxSwift */ = {
			isa = XCSwiftPackageProductDependency;
			package = 3523A7112AF7CF010019FC7C /* XCRemoteSwiftPackageReference "RxSwift" */;
			productName = RxSwift;
		};
		358CAEBD2AF5572300C070FB /* SnapKit */ = {
			isa = XCSwiftPackageProductDependency;
			package = 358CAEBC2AF5572300C070FB /* XCRemoteSwiftPackageReference "SnapKit" */;
			productName = SnapKit;
		};
/* End XCSwiftPackageProductDependency section */
	};
	rootObject = 359371A52AF4EE4000124E5D /* Project object */;
}
